
Microsoft Visual Studio Solution File, Format Version 12.00
# Visual Studio Version 17
VisualStudioVersion = 17.7.34221.43
MinimumVisualStudioVersion = 10.0.40219.1
Project("{2150E333-8FDC-42A3-9474-1A3956D46DE8}") = "Doc", "Doc", "{14E0F512-1699-4A48-BB15-C8C9DFD23E06}"
EndProject
Project("{2150E333-8FDC-42A3-9474-1A3956D46DE8}") = "SolutionItems", "SolutionItems", "{9E456F48-F60F-4303-BE2F-C51567E3D6FD}"
EndProject
Project("{2150E333-8FDC-42A3-9474-1A3956D46DE8}") = "Src", "Src", "{14A64C8F-DC78-4CC2-92FB-C041F02A14AD}"
EndProject
Project("{2150E333-8FDC-42A3-9474-1A3956D46DE8}") = "Tests", "Tests", "{B0619C7F-199D-4978-B16A-9FEDA9FC889A}"
EndProject
Project("{2150E333-8FDC-42A3-9474-1A3956D46DE8}") = "Core", "Core", "{641D78D2-F192-4D68-99B7-ADADD6D0F592}"
EndProject
Project("{2150E333-8FDC-42A3-9474-1A3956D46DE8}") = "Infrastructures", "Infrastructures", "{6B4B92CE-095A-470A-BD27-3DB0D9FC96DD}"
EndProject
Project("{2150E333-8FDC-42A3-9474-1A3956D46DE8}") = "Presention", "Presention", "{0AB35575-605D-4AFA-AB6E-5C170D58EA5F}"
EndProject
Project("{9A19103F-16F7-4668-BE54-9A1E7A4F7556}") = "Application", "Application\Application.csproj", "{3A81771F-5B7B-4908-A80B-7D608B551CF9}"
EndProject
Project("{9A19103F-16F7-4668-BE54-9A1E7A4F7556}") = "Domain", "Domain\Domain.csproj", "{7F0BB4B6-1965-4E16-B2CC-3F17B82A1ED0}"
EndProject
Project("{9A19103F-16F7-4668-BE54-9A1E7A4F7556}") = "Infrastructure", "Infrastructure\Infrastructure.csproj", "{0FE1012B-3FAA-4147-B38D-D1DB62ABE0A8}"
EndProject
Project("{9A19103F-16F7-4668-BE54-9A1E7A4F7556}") = "Persistence", "Persistence\Persistence.csproj", "{4BEEB95C-CB1D-487B-84C1-D55E34F4FAE9}"
EndProject
Project("{9A19103F-16F7-4668-BE54-9A1E7A4F7556}") = "WebSite.EndPoint", "WebSite.EndPoint\WebSite.EndPoint.csproj", "{9D0656AE-DD3F-456A-9AAC-CB15DBEC039F}"
EndProject
Project("{9A19103F-16F7-4668-BE54-9A1E7A4F7556}") = "Admin.EndPoint", "Admin.EndPoint\Admin.EndPoint.csproj", "{36117E38-9B3D-4E23-A6AE-725E19D3456A}"
EndProject
Project("{2150E333-8FDC-42A3-9474-1A3956D46DE8}") = "Commons", "Commons", "{EFA130E3-A1ED-4F2A-A432-49A89433C692}"
EndProject
Project("{9A19103F-16F7-4668-BE54-9A1E7A4F7556}") = "Common", "Common\Common.csproj", "{EF0B84F8-8BBC-49B0-B788-0099A5EA125E}"
EndProject
Project("{FAE04EC0-301F-11D3-BF4B-00C04F79EFBC}") = "StaticFile.EndPoint", "StaticFile.EndPoint\StaticFile.EndPoint.csproj", "{C9165F94-E088-4341-832B-7E8A7E7A1D14}"
EndProject
Global
	GlobalSection(SolutionConfigurationPlatforms) = preSolution
		Debug|Any CPU = Debug|Any CPU
		Release|Any CPU = Release|Any CPU
	EndGlobalSection
	GlobalSection(ProjectConfigurationPlatforms) = postSolution
		{3A81771F-5B7B-4908-A80B-7D608B551CF9}.Debug|Any CPU.ActiveCfg = Debug|Any CPU
		{3A81771F-5B7B-4908-A80B-7D608B551CF9}.Debug|Any CPU.Build.0 = Debug|Any CPU
		{3A81771F-5B7B-4908-A80B-7D608B551CF9}.Release|Any CPU.ActiveCfg = Release|Any CPU
		{3A81771F-5B7B-4908-A80B-7D608B551CF9}.Release|Any CPU.Build.0 = Release|Any CPU
		{7F0BB4B6-1965-4E16-B2CC-3F17B82A1ED0}.Debug|Any CPU.ActiveCfg = Debug|Any CPU
		{7F0BB4B6-1965-4E16-B2CC-3F17B82A1ED0}.Debug|Any CPU.Build.0 = Debug|Any CPU
		{7F0BB4B6-1965-4E16-B2CC-3F17B82A1ED0}.Release|Any CPU.ActiveCfg = Release|Any CPU
		{7F0BB4B6-1965-4E16-B2CC-3F17B82A1ED0}.Release|Any CPU.Build.0 = Release|Any CPU
		{0FE1012B-3FAA-4147-B38D-D1DB62ABE0A8}.Debug|Any CPU.ActiveCfg = Debug|Any CPU
		{0FE1012B-3FAA-4147-B38D-D1DB62ABE0A8}.Debug|Any CPU.Build.0 = Debug|Any CPU
		{0FE1012B-3FAA-4147-B38D-D1DB62ABE0A8}.Release|Any CPU.ActiveCfg = Release|Any CPU
		{0FE1012B-3FAA-4147-B38D-D1DB62ABE0A8}.Release|Any CPU.Build.0 = Release|Any CPU
		{4BEEB95C-CB1D-487B-84C1-D55E34F4FAE9}.Debug|Any CPU.ActiveCfg = Debug|Any CPU
		{4BEEB95C-CB1D-487B-84C1-D55E34F4FAE9}.Debug|Any CPU.Build.0 = Debug|Any CPU
		{4BEEB95C-CB1D-487B-84C1-D55E34F4FAE9}.Release|Any CPU.ActiveCfg = Release|Any CPU
		{4BEEB95C-CB1D-487B-84C1-D55E34F4FAE9}.Release|Any CPU.Build.0 = Release|Any CPU
		{9D0656AE-DD3F-456A-9AAC-CB15DBEC039F}.Debug|Any CPU.ActiveCfg = Debug|Any CPU
		{9D0656AE-DD3F-456A-9AAC-CB15DBEC039F}.Debug|Any CPU.Build.0 = Debug|Any CPU
		{9D0656AE-DD3F-456A-9AAC-CB15DBEC039F}.Release|Any CPU.ActiveCfg = Release|Any CPU
		{9D0656AE-DD3F-456A-9AAC-CB15DBEC039F}.Release|Any CPU.Build.0 = Release|Any CPU
		{36117E38-9B3D-4E23-A6AE-725E19D3456A}.Debug|Any CPU.ActiveCfg = Debug|Any CPU
		{36117E38-9B3D-4E23-A6AE-725E19D3456A}.Debug|Any CPU.Build.0 = Debug|Any CPU
		{36117E38-9B3D-4E23-A6AE-725E19D3456A}.Release|Any CPU.ActiveCfg = Release|Any CPU
		{36117E38-9B3D-4E23-A6AE-725E19D3456A}.Release|Any CPU.Build.0 = Release|Any CPU
		{EF0B84F8-8BBC-49B0-B788-0099A5EA125E}.Debug|Any CPU.ActiveCfg = Debug|Any CPU
		{EF0B84F8-8BBC-49B0-B788-0099A5EA125E}.Debug|Any CPU.Build.0 = Debug|Any CPU
		{EF0B84F8-8BBC-49B0-B788-0099A5EA125E}.Release|Any CPU.ActiveCfg = Release|Any CPU
		{EF0B84F8-8BBC-49B0-B788-0099A5EA125E}.Release|Any CPU.Build.0 = Release|Any CPU
		{C9165F94-E088-4341-832B-7E8A7E7A1D14}.Debug|Any CPU.ActiveCfg = Debug|Any CPU
		{C9165F94-E088-4341-832B-7E8A7E7A1D14}.Debug|Any CPU.Build.0 = Debug|Any CPU
		{C9165F94-E088-4341-832B-7E8A7E7A1D14}.Release|Any CPU.ActiveCfg = Release|Any CPU
		{C9165F94-E088-4341-832B-7E8A7E7A1D14}.Release|Any CPU.Build.0 = Release|Any CPU
	EndGlobalSection
	GlobalSection(SolutionProperties) = preSolution
		HideSolutionNode = FALSE
	EndGlobalSection
	GlobalSection(NestedProjects) = preSolution
		{641D78D2-F192-4D68-99B7-ADADD6D0F592} = {14A64C8F-DC78-4CC2-92FB-C041F02A14AD}
		{6B4B92CE-095A-470A-BD27-3DB0D9FC96DD} = {14A64C8F-DC78-4CC2-92FB-C041F02A14AD}
		{0AB35575-605D-4AFA-AB6E-5C170D58EA5F} = {14A64C8F-DC78-4CC2-92FB-C041F02A14AD}
		{3A81771F-5B7B-4908-A80B-7D608B551CF9} = {641D78D2-F192-4D68-99B7-ADADD6D0F592}
		{7F0BB4B6-1965-4E16-B2CC-3F17B82A1ED0} = {641D78D2-F192-4D68-99B7-ADADD6D0F592}
		{0FE1012B-3FAA-4147-B38D-D1DB62ABE0A8} = {6B4B92CE-095A-470A-BD27-3DB0D9FC96DD}
		{4BEEB95C-CB1D-487B-84C1-D55E34F4FAE9} = {6B4B92CE-095A-470A-BD27-3DB0D9FC96DD}
		{9D0656AE-DD3F-456A-9AAC-CB15DBEC039F} = {0AB35575-605D-4AFA-AB6E-5C170D58EA5F}
		{36117E38-9B3D-4E23-A6AE-725E19D3456A} = {0AB35575-605D-4AFA-AB6E-5C170D58EA5F}
		{EFA130E3-A1ED-4F2A-A432-49A89433C692} = {14A64C8F-DC78-4CC2-92FB-C041F02A14AD}
		{EF0B84F8-8BBC-49B0-B788-0099A5EA125E} = {EFA130E3-A1ED-4F2A-A432-49A89433C692}
		{C9165F94-E088-4341-832B-7E8A7E7A1D14} = {0AB35575-605D-4AFA-AB6E-5C170D58EA5F}
	EndGlobalSection
	GlobalSection(ExtensibilityGlobals) = postSolution
		SolutionGuid = {C1D4830B-4957-4F04-B2B9-C9AF390ED750}
	EndGlobalSection
EndGlobal
